
Microsoft Visual Studio Solution File, Format Version 12.00
# Visual Studio Version 16
VisualStudioVersion = 16.0.30804.86
MinimumVisualStudioVersion = 10.0.40219.1
Project("{9A19103F-16F7-4668-BE54-9A1E7A4F7556}") = "SkaapBoek.Web", "SkaapBoek.Web\SkaapBoek.Web.csproj", "{56E6D80E-8C70-4667-A720-CDF812D3FFAD}"
EndProject
Project("{9A19103F-16F7-4668-BE54-9A1E7A4F7556}") = "SkaapBoek.DAL", "SkaapBoek.DAL\SkaapBoek.DAL.csproj", "{EC9B41A2-1EDD-4D32-BC55-2CA41DF0E090}"
EndProject
Project("{9A19103F-16F7-4668-BE54-9A1E7A4F7556}") = "SkaapBoek.Core", "SkaapBoek.Core\SkaapBoek.Core.csproj", "{B7DA8FCD-8F49-4C0E-9F6E-4B583341F298}"
EndProject
Project("{FAE04EC0-301F-11D3-BF4B-00C04F79EFBC}") = "SkaapBoek.Tests", "SkaapBoek.Tests\SkaapBoek.Tests.csproj", "{AD3D192B-E0A5-4A50-ABA5-63BCD9DBA433}"
EndProject
Global
	GlobalSection(SolutionConfigurationPlatforms) = preSolution
		Debug|Any CPU = Debug|Any CPU
		Release|Any CPU = Release|Any CPU
	EndGlobalSection
	GlobalSection(ProjectConfigurationPlatforms) = postSolution
		{56E6D80E-8C70-4667-A720-CDF812D3FFAD}.Debug|Any CPU.ActiveCfg = Debug|Any CPU
		{56E6D80E-8C70-4667-A720-CDF812D3FFAD}.Debug|Any CPU.Build.0 = Debug|Any CPU
		{56E6D80E-8C70-4667-A720-CDF812D3FFAD}.Release|Any CPU.ActiveCfg = Release|Any CPU
		{56E6D80E-8C70-4667-A720-CDF812D3FFAD}.Release|Any CPU.Build.0 = Release|Any CPU
		{EC9B41A2-1EDD-4D32-BC55-2CA41DF0E090}.Debug|Any CPU.ActiveCfg = Debug|Any CPU
		{EC9B41A2-1EDD-4D32-BC55-2CA41DF0E090}.Debug|Any CPU.Build.0 = Debug|Any CPU
		{EC9B41A2-1EDD-4D32-BC55-2CA41DF0E090}.Release|Any CPU.ActiveCfg = Release|Any CPU
		{EC9B41A2-1EDD-4D32-BC55-2CA41DF0E090}.Release|Any CPU.Build.0 = Release|Any CPU
		{B7DA8FCD-8F49-4C0E-9F6E-4B583341F298}.Debug|Any CPU.ActiveCfg = Debug|Any CPU
		{B7DA8FCD-8F49-4C0E-9F6E-4B583341F298}.Debug|Any CPU.Build.0 = Debug|Any CPU
		{B7DA8FCD-8F49-4C0E-9F6E-4B583341F298}.Release|Any CPU.ActiveCfg = Release|Any CPU
		{B7DA8FCD-8F49-4C0E-9F6E-4B583341F298}.Release|Any CPU.Build.0 = Release|Any CPU
		{AD3D192B-E0A5-4A50-ABA5-63BCD9DBA433}.Debug|Any CPU.ActiveCfg = Debug|Any CPU
		{AD3D192B-E0A5-4A50-ABA5-63BCD9DBA433}.Debug|Any CPU.Build.0 = Debug|Any CPU
		{AD3D192B-E0A5-4A50-ABA5-63BCD9DBA433}.Release|Any CPU.ActiveCfg = Release|Any CPU
		{AD3D192B-E0A5-4A50-ABA5-63BCD9DBA433}.Release|Any CPU.Build.0 = Release|Any CPU
	EndGlobalSection
	GlobalSection(SolutionProperties) = preSolution
		HideSolutionNode = FALSE
	EndGlobalSection
	GlobalSection(ExtensibilityGlobals) = postSolution
		SolutionGuid = {9A87616B-0B49-43FF-9FEA-2F4EC27000F8}
	EndGlobalSection
EndGlobal
